
Microsoft Visual Studio Solution File, Format Version 12.00
# Visual Studio Version 17
VisualStudioVersion = 17.13.35825.156
MinimumVisualStudioVersion = 10.0.40219.1
Project("{FAE04EC0-301F-11D3-BF4B-00C04F79EFBC}") = "HostelProperty.DataAccess", "HostelProperty.DataAccess\HostelProperty.DataAccess.csproj", "{727DA6BD-6843-45EE-9064-7FA0D1EB2780}"
EndProject
Project("{FAE04EC0-301F-11D3-BF4B-00C04F79EFBC}") = "HostelProperty.API", "HostelProperty.API\HostelProperty.API.csproj", "{221ABCF3-4E81-4E40-986D-F3F8B43E5D38}"
EndProject
Global
	GlobalSection(SolutionConfigurationPlatforms) = preSolution
		Debug|Any CPU = Debug|Any CPU
		Release|Any CPU = Release|Any CPU
	EndGlobalSection
	GlobalSection(ProjectConfigurationPlatforms) = postSolution
		{727DA6BD-6843-45EE-9064-7FA0D1EB2780}.Debug|Any CPU.ActiveCfg = Debug|Any CPU
		{727DA6BD-6843-45EE-9064-7FA0D1EB2780}.Debug|Any CPU.Build.0 = Debug|Any CPU
		{727DA6BD-6843-45EE-9064-7FA0D1EB2780}.Release|Any CPU.ActiveCfg = Release|Any CPU
		{727DA6BD-6843-45EE-9064-7FA0D1EB2780}.Release|Any CPU.Build.0 = Release|Any CPU
		{221ABCF3-4E81-4E40-986D-F3F8B43E5D38}.Debug|Any CPU.ActiveCfg = Debug|Any CPU
		{221ABCF3-4E81-4E40-986D-F3F8B43E5D38}.Debug|Any CPU.Build.0 = Debug|Any CPU
		{221ABCF3-4E81-4E40-986D-F3F8B43E5D38}.Release|Any CPU.ActiveCfg = Release|Any CPU
		{221ABCF3-4E81-4E40-986D-F3F8B43E5D38}.Release|Any CPU.Build.0 = Release|Any CPU
	EndGlobalSection
	GlobalSection(SolutionProperties) = preSolution
		HideSolutionNode = FALSE
	EndGlobalSection
	GlobalSection(ExtensibilityGlobals) = postSolution
		SolutionGuid = {1C8D572E-FA58-4102-9B6D-EE8795C5AB68}
	EndGlobalSection
EndGlobal
